
Microsoft Visual Studio Solution File, Format Version 12.00
# Visual Studio Version 17
VisualStudioVersion = 17.13.35825.156
MinimumVisualStudioVersion = 10.0.40219.1
Project("{2150E333-8FDC-42A3-9474-1A3956D46DE8}") = "Auth.Service", "Auth.Service", "{02EA681E-C7D8-13C7-8484-4AC65E1B71E8}"
EndProject
Project("{FAE04EC0-301F-11D3-BF4B-00C04F79EFBC}") = "Auth.Core", "Auth.Core\Auth.Core.csproj", "{DCE1B078-F51B-4A68-8796-44A3AA2B5707}"
EndProject
Project("{FAE04EC0-301F-11D3-BF4B-00C04F79EFBC}") = "Auth.Infrastructure", "Auth.Infrastructure\Auth.Infrastructure.csproj", "{C9D6FC3B-8C9B-44E2-9EF7-FEABD66C4089}"
EndProject
Project("{FAE04EC0-301F-11D3-BF4B-00C04F79EFBC}") = "Auth.Api", "Auth.Api\Auth.Api.csproj", "{C9989E08-2E34-4693-B542-49DCCAEDDCB8}"
EndProject
Project("{2150E333-8FDC-42A3-9474-1A3956D46DE8}") = "Product.Service", "Product.Service", "{6FE987F9-507A-45FC-A6DC-9020890ECEEE}"
EndProject
Project("{FAE04EC0-301F-11D3-BF4B-00C04F79EFBC}") = "Product.Api", "Product.Api\Product.Api.csproj", "{79D34DAC-31E3-4B3F-BE48-F4ED94E24015}"
EndProject
Project("{FAE04EC0-301F-11D3-BF4B-00C04F79EFBC}") = "Product.Core", "Product.Core\Product.Core.csproj", "{E9DBCBA6-EFE8-4DDF-B898-01CBE79C0CE1}"
EndProject
Project("{FAE04EC0-301F-11D3-BF4B-00C04F79EFBC}") = "Product.Infrastructure", "Product.Infrastructure\Product.Infrastructure.csproj", "{DAE6F68A-76A0-4FC3-A085-6B7B14ADF250}"
EndProject
Global
	GlobalSection(SolutionConfigurationPlatforms) = preSolution
		Debug|Any CPU = Debug|Any CPU
		Debug|x64 = Debug|x64
		Debug|x86 = Debug|x86
		Release|Any CPU = Release|Any CPU
		Release|x64 = Release|x64
		Release|x86 = Release|x86
	EndGlobalSection
	GlobalSection(ProjectConfigurationPlatforms) = postSolution
		{DCE1B078-F51B-4A68-8796-44A3AA2B5707}.Debug|Any CPU.ActiveCfg = Debug|Any CPU
		{DCE1B078-F51B-4A68-8796-44A3AA2B5707}.Debug|Any CPU.Build.0 = Debug|Any CPU
		{DCE1B078-F51B-4A68-8796-44A3AA2B5707}.Debug|x64.ActiveCfg = Debug|Any CPU
		{DCE1B078-F51B-4A68-8796-44A3AA2B5707}.Debug|x64.Build.0 = Debug|Any CPU
		{DCE1B078-F51B-4A68-8796-44A3AA2B5707}.Debug|x86.ActiveCfg = Debug|Any CPU
		{DCE1B078-F51B-4A68-8796-44A3AA2B5707}.Debug|x86.Build.0 = Debug|Any CPU
		{DCE1B078-F51B-4A68-8796-44A3AA2B5707}.Release|Any CPU.ActiveCfg = Release|Any CPU
		{DCE1B078-F51B-4A68-8796-44A3AA2B5707}.Release|Any CPU.Build.0 = Release|Any CPU
		{DCE1B078-F51B-4A68-8796-44A3AA2B5707}.Release|x64.ActiveCfg = Release|Any CPU
		{DCE1B078-F51B-4A68-8796-44A3AA2B5707}.Release|x64.Build.0 = Release|Any CPU
		{DCE1B078-F51B-4A68-8796-44A3AA2B5707}.Release|x86.ActiveCfg = Release|Any CPU
		{DCE1B078-F51B-4A68-8796-44A3AA2B5707}.Release|x86.Build.0 = Release|Any CPU
		{C9D6FC3B-8C9B-44E2-9EF7-FEABD66C4089}.Debug|Any CPU.ActiveCfg = Debug|Any CPU
		{C9D6FC3B-8C9B-44E2-9EF7-FEABD66C4089}.Debug|Any CPU.Build.0 = Debug|Any CPU
		{C9D6FC3B-8C9B-44E2-9EF7-FEABD66C4089}.Debug|x64.ActiveCfg = Debug|Any CPU
		{C9D6FC3B-8C9B-44E2-9EF7-FEABD66C4089}.Debug|x64.Build.0 = Debug|Any CPU
		{C9D6FC3B-8C9B-44E2-9EF7-FEABD66C4089}.Debug|x86.ActiveCfg = Debug|Any CPU
		{C9D6FC3B-8C9B-44E2-9EF7-FEABD66C4089}.Debug|x86.Build.0 = Debug|Any CPU
		{C9D6FC3B-8C9B-44E2-9EF7-FEABD66C4089}.Release|Any CPU.ActiveCfg = Release|Any CPU
		{C9D6FC3B-8C9B-44E2-9EF7-FEABD66C4089}.Release|Any CPU.Build.0 = Release|Any CPU
		{C9D6FC3B-8C9B-44E2-9EF7-FEABD66C4089}.Release|x64.ActiveCfg = Release|Any CPU
		{C9D6FC3B-8C9B-44E2-9EF7-FEABD66C4089}.Release|x64.Build.0 = Release|Any CPU
		{C9D6FC3B-8C9B-44E2-9EF7-FEABD66C4089}.Release|x86.ActiveCfg = Release|Any CPU
		{C9D6FC3B-8C9B-44E2-9EF7-FEABD66C4089}.Release|x86.Build.0 = Release|Any CPU
		{C9989E08-2E34-4693-B542-49DCCAEDDCB8}.Debug|Any CPU.ActiveCfg = Debug|Any CPU
		{C9989E08-2E34-4693-B542-49DCCAEDDCB8}.Debug|Any CPU.Build.0 = Debug|Any CPU
		{C9989E08-2E34-4693-B542-49DCCAEDDCB8}.Debug|x64.ActiveCfg = Debug|Any CPU
		{C9989E08-2E34-4693-B542-49DCCAEDDCB8}.Debug|x64.Build.0 = Debug|Any CPU
		{C9989E08-2E34-4693-B542-49DCCAEDDCB8}.Debug|x86.ActiveCfg = Debug|Any CPU
		{C9989E08-2E34-4693-B542-49DCCAEDDCB8}.Debug|x86.Build.0 = Debug|Any CPU
		{C9989E08-2E34-4693-B542-49DCCAEDDCB8}.Release|Any CPU.ActiveCfg = Release|Any CPU
		{C9989E08-2E34-4693-B542-49DCCAEDDCB8}.Release|Any CPU.Build.0 = Release|Any CPU
		{C9989E08-2E34-4693-B542-49DCCAEDDCB8}.Release|x64.ActiveCfg = Release|Any CPU
		{C9989E08-2E34-4693-B542-49DCCAEDDCB8}.Release|x64.Build.0 = Release|Any CPU
		{C9989E08-2E34-4693-B542-49DCCAEDDCB8}.Release|x86.ActiveCfg = Release|Any CPU
		{C9989E08-2E34-4693-B542-49DCCAEDDCB8}.Release|x86.Build.0 = Release|Any CPU
		{79D34DAC-31E3-4B3F-BE48-F4ED94E24015}.Debug|Any CPU.ActiveCfg = Debug|Any CPU
		{79D34DAC-31E3-4B3F-BE48-F4ED94E24015}.Debug|Any CPU.Build.0 = Debug|Any CPU
		{79D34DAC-31E3-4B3F-BE48-F4ED94E24015}.Debug|x64.ActiveCfg = Debug|Any CPU
		{79D34DAC-31E3-4B3F-BE48-F4ED94E24015}.Debug|x64.Build.0 = Debug|Any CPU
		{79D34DAC-31E3-4B3F-BE48-F4ED94E24015}.Debug|x86.ActiveCfg = Debug|Any CPU
		{79D34DAC-31E3-4B3F-BE48-F4ED94E24015}.Debug|x86.Build.0 = Debug|Any CPU
		{79D34DAC-31E3-4B3F-BE48-F4ED94E24015}.Release|Any CPU.ActiveCfg = Release|Any CPU
		{79D34DAC-31E3-4B3F-BE48-F4ED94E24015}.Release|Any CPU.Build.0 = Release|Any CPU
		{79D34DAC-31E3-4B3F-BE48-F4ED94E24015}.Release|x64.ActiveCfg = Release|Any CPU
		{79D34DAC-31E3-4B3F-BE48-F4ED94E24015}.Release|x64.Build.0 = Release|Any CPU
		{79D34DAC-31E3-4B3F-BE48-F4ED94E24015}.Release|x86.ActiveCfg = Release|Any CPU
		{79D34DAC-31E3-4B3F-BE48-F4ED94E24015}.Release|x86.Build.0 = Release|Any CPU
		{E9DBCBA6-EFE8-4DDF-B898-01CBE79C0CE1}.Debug|Any CPU.ActiveCfg = Debug|Any CPU
		{E9DBCBA6-EFE8-4DDF-B898-01CBE79C0CE1}.Debug|Any CPU.Build.0 = Debug|Any CPU
		{E9DBCBA6-EFE8-4DDF-B898-01CBE79C0CE1}.Debug|x64.ActiveCfg = Debug|Any CPU
		{E9DBCBA6-EFE8-4DDF-B898-01CBE79C0CE1}.Debug|x64.Build.0 = Debug|Any CPU
		{E9DBCBA6-EFE8-4DDF-B898-01CBE79C0CE1}.Debug|x86.ActiveCfg = Debug|Any CPU
		{E9DBCBA6-EFE8-4DDF-B898-01CBE79C0CE1}.Debug|x86.Build.0 = Debug|Any CPU
		{E9DBCBA6-EFE8-4DDF-B898-01CBE79C0CE1}.Release|Any CPU.ActiveCfg = Release|Any CPU
		{E9DBCBA6-EFE8-4DDF-B898-01CBE79C0CE1}.Release|Any CPU.Build.0 = Release|Any CPU
		{E9DBCBA6-EFE8-4DDF-B898-01CBE79C0CE1}.Release|x64.ActiveCfg = Release|Any CPU
		{E9DBCBA6-EFE8-4DDF-B898-01CBE79C0CE1}.Release|x64.Build.0 = Release|Any CPU
		{E9DBCBA6-EFE8-4DDF-B898-01CBE79C0CE1}.Release|x86.ActiveCfg = Release|Any CPU
		{E9DBCBA6-EFE8-4DDF-B898-01CBE79C0CE1}.Release|x86.Build.0 = Release|Any CPU
		{DAE6F68A-76A0-4FC3-A085-6B7B14ADF250}.Debug|Any CPU.ActiveCfg = Debug|Any CPU
		{DAE6F68A-76A0-4FC3-A085-6B7B14ADF250}.Debug|Any CPU.Build.0 = Debug|Any CPU
		{DAE6F68A-76A0-4FC3-A085-6B7B14ADF250}.Debug|x64.ActiveCfg = Debug|Any CPU
		{DAE6F68A-76A0-4FC3-A085-6B7B14ADF250}.Debug|x64.Build.0 = Debug|Any CPU
		{DAE6F68A-76A0-4FC3-A085-6B7B14ADF250}.Debug|x86.ActiveCfg = Debug|Any CPU
		{DAE6F68A-76A0-4FC3-A085-6B7B14ADF250}.Debug|x86.Build.0 = Debug|Any CPU
		{DAE6F68A-76A0-4FC3-A085-6B7B14ADF250}.Release|Any CPU.ActiveCfg = Release|Any CPU
		{DAE6F68A-76A0-4FC3-A085-6B7B14ADF250}.Release|Any CPU.Build.0 = Release|Any CPU
		{DAE6F68A-76A0-4FC3-A085-6B7B14ADF250}.Release|x64.ActiveCfg = Release|Any CPU
		{DAE6F68A-76A0-4FC3-A085-6B7B14ADF250}.Release|x64.Build.0 = Release|Any CPU
		{DAE6F68A-76A0-4FC3-A085-6B7B14ADF250}.Release|x86.ActiveCfg = Release|Any CPU
		{DAE6F68A-76A0-4FC3-A085-6B7B14ADF250}.Release|x86.Build.0 = Release|Any CPU
	EndGlobalSection
	GlobalSection(SolutionProperties) = preSolution
		HideSolutionNode = FALSE
	EndGlobalSection
	GlobalSection(NestedProjects) = preSolution
		{DCE1B078-F51B-4A68-8796-44A3AA2B5707} = {02EA681E-C7D8-13C7-8484-4AC65E1B71E8}
		{C9D6FC3B-8C9B-44E2-9EF7-FEABD66C4089} = {02EA681E-C7D8-13C7-8484-4AC65E1B71E8}
		{C9989E08-2E34-4693-B542-49DCCAEDDCB8} = {02EA681E-C7D8-13C7-8484-4AC65E1B71E8}
		{79D34DAC-31E3-4B3F-BE48-F4ED94E24015} = {6FE987F9-507A-45FC-A6DC-9020890ECEEE}
		{E9DBCBA6-EFE8-4DDF-B898-01CBE79C0CE1} = {6FE987F9-507A-45FC-A6DC-9020890ECEEE}
		{DAE6F68A-76A0-4FC3-A085-6B7B14ADF250} = {6FE987F9-507A-45FC-A6DC-9020890ECEEE}
	EndGlobalSection
	GlobalSection(ExtensibilityGlobals) = postSolution
		SolutionGuid = {2B0A42D3-F6A1-45F8-A3C4-475F170455DF}
	EndGlobalSection
EndGlobal
