
Microsoft Visual Studio Solution File, Format Version 12.00
# Visual Studio Version 17
VisualStudioVersion = 17.13.35825.156
MinimumVisualStudioVersion = 10.0.40219.1
Project("{2150E333-8FDC-42A3-9474-1A3956D46DE8}") = "Auth.Service", "Auth.Service", "{C82EF1D1-3156-D2C3-F0F3-98D6CC4425D6}"
EndProject
Project("{FAE04EC0-301F-11D3-BF4B-00C04F79EFBC}") = "Auth.Api", "Auth.Service\Auth.Api\Auth.Api.csproj", "{74A52844-0657-4A10-A345-8024DD6F37B6}"
EndProject
Project("{FAE04EC0-301F-11D3-BF4B-00C04F79EFBC}") = "Auth.Core", "Auth.Service\Auth.Core\Auth.Core.csproj", "{B6C37958-EAD1-4A75-B3B6-A80E9E8E2E5E}"
EndProject
Project("{FAE04EC0-301F-11D3-BF4B-00C04F79EFBC}") = "Auth.Infrastructure", "Auth.Service\Auth.Infrastructure\Auth.Infrastructure.csproj", "{7A68AFF4-ADFE-4C8E-B52B-6FEB2355E561}"
EndProject
Project("{2150E333-8FDC-42A3-9474-1A3956D46DE8}") = "Product.Service", "Product.Service", "{922780BD-AA86-08A1-7704-DCB29D9E086E}"
EndProject
Project("{FAE04EC0-301F-11D3-BF4B-00C04F79EFBC}") = "Product.Api", "Product.Service\Product.Api\Product.Api.csproj", "{55AA1599-ACC1-489B-8032-57BD6CA52C39}"
EndProject
Project("{FAE04EC0-301F-11D3-BF4B-00C04F79EFBC}") = "Product.Core", "Product.Service\Product.Core\Product.Core.csproj", "{1ACDA1BA-EA8D-491C-BBEC-97E21CA0FC2B}"
EndProject
Project("{FAE04EC0-301F-11D3-BF4B-00C04F79EFBC}") = "Product.Infrastructure", "Product.Service\Product.Infrastructure\Product.Infrastructure.csproj", "{BDE5CB55-D5F5-4D03-9518-A5EA8A3C8A44}"
EndProject
Project("{FAE04EC0-301F-11D3-BF4B-00C04F79EFBC}") = "Vault.AspNet", "Vault.AspNet\Vault.AspNet.csproj", "{66787BD6-7CD3-484F-9312-3986540016AB}"
EndProject
Project("{E53339B2-1760-4266-BCC7-CA923CBCF16C}") = "docker-compose", "docker-compose.dcproj", "{81DDED9D-158B-E303-5F62-77A2896D2A5A}"
EndProject
Project("{FAE04EC0-301F-11D3-BF4B-00C04F79EFBC}") = "Product.Seed", "..\Product.Seed\Product.Seed.csproj", "{35D447EB-FFDD-4445-872F-58ED31382DD8}"
EndProject
Global
	GlobalSection(SolutionConfigurationPlatforms) = preSolution
		Debug|Any CPU = Debug|Any CPU
		Debug|x64 = Debug|x64
		Debug|x86 = Debug|x86
		Release|Any CPU = Release|Any CPU
		Release|x64 = Release|x64
		Release|x86 = Release|x86
	EndGlobalSection
	GlobalSection(ProjectConfigurationPlatforms) = postSolution
		{74A52844-0657-4A10-A345-8024DD6F37B6}.Debug|Any CPU.ActiveCfg = Debug|Any CPU
		{74A52844-0657-4A10-A345-8024DD6F37B6}.Debug|Any CPU.Build.0 = Debug|Any CPU
		{74A52844-0657-4A10-A345-8024DD6F37B6}.Debug|x64.ActiveCfg = Debug|Any CPU
		{74A52844-0657-4A10-A345-8024DD6F37B6}.Debug|x64.Build.0 = Debug|Any CPU
		{74A52844-0657-4A10-A345-8024DD6F37B6}.Debug|x86.ActiveCfg = Debug|Any CPU
		{74A52844-0657-4A10-A345-8024DD6F37B6}.Debug|x86.Build.0 = Debug|Any CPU
		{74A52844-0657-4A10-A345-8024DD6F37B6}.Release|Any CPU.ActiveCfg = Release|Any CPU
		{74A52844-0657-4A10-A345-8024DD6F37B6}.Release|Any CPU.Build.0 = Release|Any CPU
		{74A52844-0657-4A10-A345-8024DD6F37B6}.Release|x64.ActiveCfg = Release|Any CPU
		{74A52844-0657-4A10-A345-8024DD6F37B6}.Release|x64.Build.0 = Release|Any CPU
		{74A52844-0657-4A10-A345-8024DD6F37B6}.Release|x86.ActiveCfg = Release|Any CPU
		{74A52844-0657-4A10-A345-8024DD6F37B6}.Release|x86.Build.0 = Release|Any CPU
		{B6C37958-EAD1-4A75-B3B6-A80E9E8E2E5E}.Debug|Any CPU.ActiveCfg = Debug|Any CPU
		{B6C37958-EAD1-4A75-B3B6-A80E9E8E2E5E}.Debug|Any CPU.Build.0 = Debug|Any CPU
		{B6C37958-EAD1-4A75-B3B6-A80E9E8E2E5E}.Debug|x64.ActiveCfg = Debug|Any CPU
		{B6C37958-EAD1-4A75-B3B6-A80E9E8E2E5E}.Debug|x64.Build.0 = Debug|Any CPU
		{B6C37958-EAD1-4A75-B3B6-A80E9E8E2E5E}.Debug|x86.ActiveCfg = Debug|Any CPU
		{B6C37958-EAD1-4A75-B3B6-A80E9E8E2E5E}.Debug|x86.Build.0 = Debug|Any CPU
		{B6C37958-EAD1-4A75-B3B6-A80E9E8E2E5E}.Release|Any CPU.ActiveCfg = Release|Any CPU
		{B6C37958-EAD1-4A75-B3B6-A80E9E8E2E5E}.Release|Any CPU.Build.0 = Release|Any CPU
		{B6C37958-EAD1-4A75-B3B6-A80E9E8E2E5E}.Release|x64.ActiveCfg = Release|Any CPU
		{B6C37958-EAD1-4A75-B3B6-A80E9E8E2E5E}.Release|x64.Build.0 = Release|Any CPU
		{B6C37958-EAD1-4A75-B3B6-A80E9E8E2E5E}.Release|x86.ActiveCfg = Release|Any CPU
		{B6C37958-EAD1-4A75-B3B6-A80E9E8E2E5E}.Release|x86.Build.0 = Release|Any CPU
		{7A68AFF4-ADFE-4C8E-B52B-6FEB2355E561}.Debug|Any CPU.ActiveCfg = Debug|Any CPU
		{7A68AFF4-ADFE-4C8E-B52B-6FEB2355E561}.Debug|Any CPU.Build.0 = Debug|Any CPU
		{7A68AFF4-ADFE-4C8E-B52B-6FEB2355E561}.Debug|x64.ActiveCfg = Debug|Any CPU
		{7A68AFF4-ADFE-4C8E-B52B-6FEB2355E561}.Debug|x64.Build.0 = Debug|Any CPU
		{7A68AFF4-ADFE-4C8E-B52B-6FEB2355E561}.Debug|x86.ActiveCfg = Debug|Any CPU
		{7A68AFF4-ADFE-4C8E-B52B-6FEB2355E561}.Debug|x86.Build.0 = Debug|Any CPU
		{7A68AFF4-ADFE-4C8E-B52B-6FEB2355E561}.Release|Any CPU.ActiveCfg = Release|Any CPU
		{7A68AFF4-ADFE-4C8E-B52B-6FEB2355E561}.Release|Any CPU.Build.0 = Release|Any CPU
		{7A68AFF4-ADFE-4C8E-B52B-6FEB2355E561}.Release|x64.ActiveCfg = Release|Any CPU
		{7A68AFF4-ADFE-4C8E-B52B-6FEB2355E561}.Release|x64.Build.0 = Release|Any CPU
		{7A68AFF4-ADFE-4C8E-B52B-6FEB2355E561}.Release|x86.ActiveCfg = Release|Any CPU
		{7A68AFF4-ADFE-4C8E-B52B-6FEB2355E561}.Release|x86.Build.0 = Release|Any CPU
		{55AA1599-ACC1-489B-8032-57BD6CA52C39}.Debug|Any CPU.ActiveCfg = Debug|Any CPU
		{55AA1599-ACC1-489B-8032-57BD6CA52C39}.Debug|Any CPU.Build.0 = Debug|Any CPU
		{55AA1599-ACC1-489B-8032-57BD6CA52C39}.Debug|x64.ActiveCfg = Debug|Any CPU
		{55AA1599-ACC1-489B-8032-57BD6CA52C39}.Debug|x64.Build.0 = Debug|Any CPU
		{55AA1599-ACC1-489B-8032-57BD6CA52C39}.Debug|x86.ActiveCfg = Debug|Any CPU
		{55AA1599-ACC1-489B-8032-57BD6CA52C39}.Debug|x86.Build.0 = Debug|Any CPU
		{55AA1599-ACC1-489B-8032-57BD6CA52C39}.Release|Any CPU.ActiveCfg = Release|Any CPU
		{55AA1599-ACC1-489B-8032-57BD6CA52C39}.Release|Any CPU.Build.0 = Release|Any CPU
		{55AA1599-ACC1-489B-8032-57BD6CA52C39}.Release|x64.ActiveCfg = Release|Any CPU
		{55AA1599-ACC1-489B-8032-57BD6CA52C39}.Release|x64.Build.0 = Release|Any CPU
		{55AA1599-ACC1-489B-8032-57BD6CA52C39}.Release|x86.ActiveCfg = Release|Any CPU
		{55AA1599-ACC1-489B-8032-57BD6CA52C39}.Release|x86.Build.0 = Release|Any CPU
		{1ACDA1BA-EA8D-491C-BBEC-97E21CA0FC2B}.Debug|Any CPU.ActiveCfg = Debug|Any CPU
		{1ACDA1BA-EA8D-491C-BBEC-97E21CA0FC2B}.Debug|Any CPU.Build.0 = Debug|Any CPU
		{1ACDA1BA-EA8D-491C-BBEC-97E21CA0FC2B}.Debug|x64.ActiveCfg = Debug|Any CPU
		{1ACDA1BA-EA8D-491C-BBEC-97E21CA0FC2B}.Debug|x64.Build.0 = Debug|Any CPU
		{1ACDA1BA-EA8D-491C-BBEC-97E21CA0FC2B}.Debug|x86.ActiveCfg = Debug|Any CPU
		{1ACDA1BA-EA8D-491C-BBEC-97E21CA0FC2B}.Debug|x86.Build.0 = Debug|Any CPU
		{1ACDA1BA-EA8D-491C-BBEC-97E21CA0FC2B}.Release|Any CPU.ActiveCfg = Release|Any CPU
		{1ACDA1BA-EA8D-491C-BBEC-97E21CA0FC2B}.Release|Any CPU.Build.0 = Release|Any CPU
		{1ACDA1BA-EA8D-491C-BBEC-97E21CA0FC2B}.Release|x64.ActiveCfg = Release|Any CPU
		{1ACDA1BA-EA8D-491C-BBEC-97E21CA0FC2B}.Release|x64.Build.0 = Release|Any CPU
		{1ACDA1BA-EA8D-491C-BBEC-97E21CA0FC2B}.Release|x86.ActiveCfg = Release|Any CPU
		{1ACDA1BA-EA8D-491C-BBEC-97E21CA0FC2B}.Release|x86.Build.0 = Release|Any CPU
		{BDE5CB55-D5F5-4D03-9518-A5EA8A3C8A44}.Debug|Any CPU.ActiveCfg = Debug|Any CPU
		{BDE5CB55-D5F5-4D03-9518-A5EA8A3C8A44}.Debug|Any CPU.Build.0 = Debug|Any CPU
		{BDE5CB55-D5F5-4D03-9518-A5EA8A3C8A44}.Debug|x64.ActiveCfg = Debug|Any CPU
		{BDE5CB55-D5F5-4D03-9518-A5EA8A3C8A44}.Debug|x64.Build.0 = Debug|Any CPU
		{BDE5CB55-D5F5-4D03-9518-A5EA8A3C8A44}.Debug|x86.ActiveCfg = Debug|Any CPU
		{BDE5CB55-D5F5-4D03-9518-A5EA8A3C8A44}.Debug|x86.Build.0 = Debug|Any CPU
		{BDE5CB55-D5F5-4D03-9518-A5EA8A3C8A44}.Release|Any CPU.ActiveCfg = Release|Any CPU
		{BDE5CB55-D5F5-4D03-9518-A5EA8A3C8A44}.Release|Any CPU.Build.0 = Release|Any CPU
		{BDE5CB55-D5F5-4D03-9518-A5EA8A3C8A44}.Release|x64.ActiveCfg = Release|Any CPU
		{BDE5CB55-D5F5-4D03-9518-A5EA8A3C8A44}.Release|x64.Build.0 = Release|Any CPU
		{BDE5CB55-D5F5-4D03-9518-A5EA8A3C8A44}.Release|x86.ActiveCfg = Release|Any CPU
		{BDE5CB55-D5F5-4D03-9518-A5EA8A3C8A44}.Release|x86.Build.0 = Release|Any CPU
		{66787BD6-7CD3-484F-9312-3986540016AB}.Debug|Any CPU.ActiveCfg = Debug|Any CPU
		{66787BD6-7CD3-484F-9312-3986540016AB}.Debug|Any CPU.Build.0 = Debug|Any CPU
		{66787BD6-7CD3-484F-9312-3986540016AB}.Debug|x64.ActiveCfg = Debug|Any CPU
		{66787BD6-7CD3-484F-9312-3986540016AB}.Debug|x64.Build.0 = Debug|Any CPU
		{66787BD6-7CD3-484F-9312-3986540016AB}.Debug|x86.ActiveCfg = Debug|Any CPU
		{66787BD6-7CD3-484F-9312-3986540016AB}.Debug|x86.Build.0 = Debug|Any CPU
		{66787BD6-7CD3-484F-9312-3986540016AB}.Release|Any CPU.ActiveCfg = Release|Any CPU
		{66787BD6-7CD3-484F-9312-3986540016AB}.Release|Any CPU.Build.0 = Release|Any CPU
		{66787BD6-7CD3-484F-9312-3986540016AB}.Release|x64.ActiveCfg = Release|Any CPU
		{66787BD6-7CD3-484F-9312-3986540016AB}.Release|x64.Build.0 = Release|Any CPU
		{66787BD6-7CD3-484F-9312-3986540016AB}.Release|x86.ActiveCfg = Release|Any CPU
		{66787BD6-7CD3-484F-9312-3986540016AB}.Release|x86.Build.0 = Release|Any CPU
		{81DDED9D-158B-E303-5F62-77A2896D2A5A}.Debug|Any CPU.ActiveCfg = Debug|Any CPU
		{81DDED9D-158B-E303-5F62-77A2896D2A5A}.Debug|Any CPU.Build.0 = Debug|Any CPU
		{81DDED9D-158B-E303-5F62-77A2896D2A5A}.Debug|x64.ActiveCfg = Debug|Any CPU
		{81DDED9D-158B-E303-5F62-77A2896D2A5A}.Debug|x64.Build.0 = Debug|Any CPU
		{81DDED9D-158B-E303-5F62-77A2896D2A5A}.Debug|x86.ActiveCfg = Debug|Any CPU
		{81DDED9D-158B-E303-5F62-77A2896D2A5A}.Debug|x86.Build.0 = Debug|Any CPU
		{81DDED9D-158B-E303-5F62-77A2896D2A5A}.Release|Any CPU.ActiveCfg = Release|Any CPU
		{81DDED9D-158B-E303-5F62-77A2896D2A5A}.Release|Any CPU.Build.0 = Release|Any CPU
		{81DDED9D-158B-E303-5F62-77A2896D2A5A}.Release|x64.ActiveCfg = Release|Any CPU
		{81DDED9D-158B-E303-5F62-77A2896D2A5A}.Release|x64.Build.0 = Release|Any CPU
		{81DDED9D-158B-E303-5F62-77A2896D2A5A}.Release|x86.ActiveCfg = Release|Any CPU
		{81DDED9D-158B-E303-5F62-77A2896D2A5A}.Release|x86.Build.0 = Release|Any CPU
		{35D447EB-FFDD-4445-872F-58ED31382DD8}.Debug|Any CPU.ActiveCfg = Debug|Any CPU
		{35D447EB-FFDD-4445-872F-58ED31382DD8}.Debug|Any CPU.Build.0 = Debug|Any CPU
		{35D447EB-FFDD-4445-872F-58ED31382DD8}.Debug|x64.ActiveCfg = Debug|Any CPU
		{35D447EB-FFDD-4445-872F-58ED31382DD8}.Debug|x64.Build.0 = Debug|Any CPU
		{35D447EB-FFDD-4445-872F-58ED31382DD8}.Debug|x86.ActiveCfg = Debug|Any CPU
		{35D447EB-FFDD-4445-872F-58ED31382DD8}.Debug|x86.Build.0 = Debug|Any CPU
		{35D447EB-FFDD-4445-872F-58ED31382DD8}.Release|Any CPU.ActiveCfg = Release|Any CPU
		{35D447EB-FFDD-4445-872F-58ED31382DD8}.Release|Any CPU.Build.0 = Release|Any CPU
		{35D447EB-FFDD-4445-872F-58ED31382DD8}.Release|x64.ActiveCfg = Release|Any CPU
		{35D447EB-FFDD-4445-872F-58ED31382DD8}.Release|x64.Build.0 = Release|Any CPU
		{35D447EB-FFDD-4445-872F-58ED31382DD8}.Release|x86.ActiveCfg = Release|Any CPU
		{35D447EB-FFDD-4445-872F-58ED31382DD8}.Release|x86.Build.0 = Release|Any CPU
	EndGlobalSection
	GlobalSection(SolutionProperties) = preSolution
		HideSolutionNode = FALSE
	EndGlobalSection
	GlobalSection(NestedProjects) = preSolution
		{74A52844-0657-4A10-A345-8024DD6F37B6} = {C82EF1D1-3156-D2C3-F0F3-98D6CC4425D6}
		{B6C37958-EAD1-4A75-B3B6-A80E9E8E2E5E} = {C82EF1D1-3156-D2C3-F0F3-98D6CC4425D6}
		{7A68AFF4-ADFE-4C8E-B52B-6FEB2355E561} = {C82EF1D1-3156-D2C3-F0F3-98D6CC4425D6}
		{55AA1599-ACC1-489B-8032-57BD6CA52C39} = {922780BD-AA86-08A1-7704-DCB29D9E086E}
		{1ACDA1BA-EA8D-491C-BBEC-97E21CA0FC2B} = {922780BD-AA86-08A1-7704-DCB29D9E086E}
		{BDE5CB55-D5F5-4D03-9518-A5EA8A3C8A44} = {922780BD-AA86-08A1-7704-DCB29D9E086E}
		{35D447EB-FFDD-4445-872F-58ED31382DD8} = {922780BD-AA86-08A1-7704-DCB29D9E086E}
	EndGlobalSection
	GlobalSection(ExtensibilityGlobals) = postSolution
		SolutionGuid = {2B0A42D3-F6A1-45F8-A3C4-475F170455DF}
	EndGlobalSection
EndGlobal
